
Microsoft Visual Studio Solution File, Format Version 12.00
# Visual Studio Version 17
VisualStudioVersion = 17.1.32319.34
MinimumVisualStudioVersion = 10.0.40219.1
Project("{9A19103F-16F7-4668-BE54-9A1E7A4F7556}") = "PocketDDD.Server.WebAPI", "PocketDDD.Server.WebAPI\PocketDDD.Server.WebAPI.csproj", "{E0682027-A1DF-4D98-8343-065EB5FB9FAD}"
EndProject
Project("{FAE04EC0-301F-11D3-BF4B-00C04F79EFBC}") = "PocketDDD.Server.Model", "PocketDDD.Server.Model\PocketDDD.Server.Model.csproj", "{1FFB53B1-C7F2-47DE-B672-EEB3EB9E9CAA}"
EndProject
Project("{FAE04EC0-301F-11D3-BF4B-00C04F79EFBC}") = "PocketDDD.Server.DB", "PocketDDD.Server.DB\PocketDDD.Server.DB.csproj", "{08C106F8-6F30-4B42-AC81-2C75A3228D8D}"
EndProject
Project("{FAE04EC0-301F-11D3-BF4B-00C04F79EFBC}") = "PocketDDD.Server.Services", "PocketDDD.Server.Services\PocketDDD.Server.Services.csproj", "{C6C83B05-F890-45CA-851B-FA1A3706E078}"
EndProject
Global
	GlobalSection(SolutionConfigurationPlatforms) = preSolution
		Debug|Any CPU = Debug|Any CPU
		Release|Any CPU = Release|Any CPU
	EndGlobalSection
	GlobalSection(ProjectConfigurationPlatforms) = postSolution
		{E0682027-A1DF-4D98-8343-065EB5FB9FAD}.Debug|Any CPU.ActiveCfg = Debug|Any CPU
		{E0682027-A1DF-4D98-8343-065EB5FB9FAD}.Debug|Any CPU.Build.0 = Debug|Any CPU
		{E0682027-A1DF-4D98-8343-065EB5FB9FAD}.Release|Any CPU.ActiveCfg = Release|Any CPU
		{E0682027-A1DF-4D98-8343-065EB5FB9FAD}.Release|Any CPU.Build.0 = Release|Any CPU
		{1FFB53B1-C7F2-47DE-B672-EEB3EB9E9CAA}.Debug|Any CPU.ActiveCfg = Debug|Any CPU
		{1FFB53B1-C7F2-47DE-B672-EEB3EB9E9CAA}.Debug|Any CPU.Build.0 = Debug|Any CPU
		{1FFB53B1-C7F2-47DE-B672-EEB3EB9E9CAA}.Release|Any CPU.ActiveCfg = Release|Any CPU
		{1FFB53B1-C7F2-47DE-B672-EEB3EB9E9CAA}.Release|Any CPU.Build.0 = Release|Any CPU
		{08C106F8-6F30-4B42-AC81-2C75A3228D8D}.Debug|Any CPU.ActiveCfg = Debug|Any CPU
		{08C106F8-6F30-4B42-AC81-2C75A3228D8D}.Debug|Any CPU.Build.0 = Debug|Any CPU
		{08C106F8-6F30-4B42-AC81-2C75A3228D8D}.Release|Any CPU.ActiveCfg = Release|Any CPU
		{08C106F8-6F30-4B42-AC81-2C75A3228D8D}.Release|Any CPU.Build.0 = Release|Any CPU
		{C6C83B05-F890-45CA-851B-FA1A3706E078}.Debug|Any CPU.ActiveCfg = Debug|Any CPU
		{C6C83B05-F890-45CA-851B-FA1A3706E078}.Debug|Any CPU.Build.0 = Debug|Any CPU
		{C6C83B05-F890-45CA-851B-FA1A3706E078}.Release|Any CPU.ActiveCfg = Release|Any CPU
		{C6C83B05-F890-45CA-851B-FA1A3706E078}.Release|Any CPU.Build.0 = Release|Any CPU
	EndGlobalSection
	GlobalSection(SolutionProperties) = preSolution
		HideSolutionNode = FALSE
	EndGlobalSection
	GlobalSection(ExtensibilityGlobals) = postSolution
		SolutionGuid = {062BF1C4-BCB4-47F2-86E0-30A32EA9A279}
	EndGlobalSection
EndGlobal
