
Microsoft Visual Studio Solution File, Format Version 12.00
# Visual Studio Version 17
VisualStudioVersion = 17.4.33205.214
MinimumVisualStudioVersion = 10.0.40219.1
Project("{9A19103F-16F7-4668-BE54-9A1E7A4F7556}") = "PocketDDD.BlazorClient", "PocketDDD.BlazorClient\PocketDDD.BlazorClient.csproj", "{712E62C7-5BAB-4E76-9360-EE2710C910C8}"
EndProject
Project("{9A19103F-16F7-4668-BE54-9A1E7A4F7556}") = "PocketDDD.Shared", "..\PocketDDD.Shared\PocketDDD.Shared.csproj", "{78B080B5-3396-487C-9469-31186AD778B5}"
EndProject
Project("{9A19103F-16F7-4668-BE54-9A1E7A4F7556}") = "PocketDDD.BlazorClient.LocalStorage", "PocketDDD.BlazorClient.LocalStorage\PocketDDD.BlazorClient.LocalStorage.csproj", "{5CBDD65B-BAB5-4E97-A1A2-445511B3D6B3}"
EndProject
Global
	GlobalSection(SolutionConfigurationPlatforms) = preSolution
		Debug|Any CPU = Debug|Any CPU
		Release|Any CPU = Release|Any CPU
	EndGlobalSection
	GlobalSection(ProjectConfigurationPlatforms) = postSolution
		{712E62C7-5BAB-4E76-9360-EE2710C910C8}.Debug|Any CPU.ActiveCfg = Debug|Any CPU
		{712E62C7-5BAB-4E76-9360-EE2710C910C8}.Debug|Any CPU.Build.0 = Debug|Any CPU
		{712E62C7-5BAB-4E76-9360-EE2710C910C8}.Release|Any CPU.ActiveCfg = Release|Any CPU
		{712E62C7-5BAB-4E76-9360-EE2710C910C8}.Release|Any CPU.Build.0 = Release|Any CPU
		{78B080B5-3396-487C-9469-31186AD778B5}.Debug|Any CPU.ActiveCfg = Debug|Any CPU
		{78B080B5-3396-487C-9469-31186AD778B5}.Debug|Any CPU.Build.0 = Debug|Any CPU
		{78B080B5-3396-487C-9469-31186AD778B5}.Release|Any CPU.ActiveCfg = Release|Any CPU
		{78B080B5-3396-487C-9469-31186AD778B5}.Release|Any CPU.Build.0 = Release|Any CPU
		{5CBDD65B-BAB5-4E97-A1A2-445511B3D6B3}.Debug|Any CPU.ActiveCfg = Debug|Any CPU
		{5CBDD65B-BAB5-4E97-A1A2-445511B3D6B3}.Debug|Any CPU.Build.0 = Debug|Any CPU
		{5CBDD65B-BAB5-4E97-A1A2-445511B3D6B3}.Release|Any CPU.ActiveCfg = Release|Any CPU
		{5CBDD65B-BAB5-4E97-A1A2-445511B3D6B3}.Release|Any CPU.Build.0 = Release|Any CPU
	EndGlobalSection
	GlobalSection(SolutionProperties) = preSolution
		HideSolutionNode = FALSE
	EndGlobalSection
	GlobalSection(ExtensibilityGlobals) = postSolution
		SolutionGuid = {6D33EEAD-7676-4BCB-A9FE-441A10E95865}
	EndGlobalSection
EndGlobal
